{
  "nodes": {
    "nixpkgs": {
      "locked": {
        "lastModified": 1659931296,
        "narHash": "sha256-MYLvZ1pN2DC79uYoPAoqs7PT5jLaA/I0vTtUUyhdE44=",
        "owner": "nixos",
        "repo": "nixpkgs",
        "rev": "053fb00690945ab06650c4508b98659c6a2343b6",
        "type": "github"
      },
      "original": {
        "owner": "nixos",
        "ref": "nixpkgs-unstable",
        "repo": "nixpkgs",
        "type": "github"
      }
    },
    "root": {
      "inputs": {
        "nixpkgs": "nixpkgs",
        "utils": "utils"
      }
    },
    "utils": {
      "locked": {
        "lastModified": 1644229661,
        "narHash": "sha256-1YdnJAsNy69bpcjuoKdOYQX0YxZBiCYZo4Twxerqv7k=",
        "owner": "numtide",
        "repo": "flake-utils",
        "rev": "3cecb5b042f7f209c56ffd8371b2711a290ec797",
        "type": "github"
      },
      "original": {
        "owner": "numtide",
        "repo": "flake-utils",
        "type": "github"
      }
    }
  },
  "root": "root",
  "version": 7
}
