{
  "nodes": {
    "nixpkgs": {
      "locked": {
        "lastModified": 1644328695,
        "narHash": "sha256-rK1HXS35XOO3PksBnJzbv93G9wqZsk61gi22j8dtOt0=",
        "owner": "nixos",
        "repo": "nixpkgs",
        "rev": "963fe43513325dab25076381989ace8e842d87f1",
        "type": "github"
      },
      "original": {
        "owner": "nixos",
        "ref": "release-21.11",
        "repo": "nixpkgs",
        "type": "github"
      }
    },
    "root": {
      "inputs": {
        "nixpkgs": "nixpkgs",
        "utils": "utils"
      }
    },
    "utils": {
      "locked": {
        "lastModified": 1644229661,
        "narHash": "sha256-1YdnJAsNy69bpcjuoKdOYQX0YxZBiCYZo4Twxerqv7k=",
        "owner": "numtide",
        "repo": "flake-utils",
        "rev": "3cecb5b042f7f209c56ffd8371b2711a290ec797",
        "type": "github"
      },
      "original": {
        "owner": "numtide",
        "repo": "flake-utils",
        "type": "github"
      }
    }
  },
  "root": "root",
  "version": 7
}
