{
  "nodes": {
    "nixpkgs": {
      "locked": {
        "lastModified": 1619462086,
        "narHash": "sha256-UxAqxF2yEUyeCeynFm4gDM2dGHVIV0nQPtZ9dzp6alU=",
        "owner": "nixos",
        "repo": "nixpkgs",
        "rev": "10cde818493537790bdbab867a0ead77ca5ace2c",
        "type": "github"
      },
      "original": {
        "owner": "nixos",
        "ref": "release-20.09",
        "repo": "nixpkgs",
        "type": "github"
      }
    },
    "root": {
      "inputs": {
        "nixpkgs": "nixpkgs",
        "utils": "utils"
      }
    },
    "utils": {
      "locked": {
        "lastModified": 1619345332,
        "narHash": "sha256-qHnQkEp1uklKTpx3MvKtY6xzgcqXDsz5nLilbbuL+3A=",
        "owner": "numtide",
        "repo": "flake-utils",
        "rev": "2ebf2558e5bf978c7fb8ea927dfaed8fefab2e28",
        "type": "github"
      },
      "original": {
        "owner": "numtide",
        "repo": "flake-utils",
        "type": "github"
      }
    }
  },
  "root": "root",
  "version": 7
}
