- name: Extrinsics with loops
  pallet_balances:
    transfer:
      from: "{{ item.from }}"
      to: "{{ item.to }}"
      balance: "{{ item.balance }}"
  loop:
    - { from: alice, to: bob, balance: 100 }
  register: transactions

- name: Build block
  block:
    build:
      header:
        parent_hash: "0x0000000000000000000000000000000000000000000000000000000000000000"
        number: "0x1"
        digest:
          logs: []
      extrinsics: "{{ transactions }}"
